<?xml version="1.0" encoding="utf-8"?>
<Project ToolsVersion="4.0" xmlns="http://schemas.microsoft.com/developer/msbuild/2003">
  <ItemGroup>
    <ClCompile Include="..\RSDKv4\Animation.cpp" />
    <ClCompile Include="..\RSDKv4\Audio.cpp" />
    <ClCompile Include="..\RSDKv4\Collision.cpp" />
    <ClCompile Include="..\RSDKv4\Debug.cpp" />
    <ClCompile Include="..\RSDKv4\Drawing.cpp" />
    <ClCompile Include="..\RSDKv4\Ini.cpp" />
    <ClCompile Include="..\RSDKv4\Input.cpp" />
    <ClCompile Include="..\RSDKv4\main.cpp" />
    <ClCompile Include="..\RSDKv4\Math.cpp" />
    <ClCompile Include="..\RSDKv4\Object.cpp" />
    <ClCompile Include="..\RSDKv4\Palette.cpp" />
    <ClCompile Include="..\RSDKv4\PauseMenu.cpp" />
    <ClCompile Include="..\RSDKv4\Reader.cpp" />
    <ClCompile Include="..\RSDKv4\RetroEngine.cpp" />
    <ClCompile Include="..\RSDKv4\RetroGameLoop.cpp" />
    <ClCompile Include="..\RSDKv4\Scene.cpp" />
    <ClCompile Include="..\RSDKv4\Scene3D.cpp" />
    <ClCompile Include="..\RSDKv4\Script.cpp" />
    <ClCompile Include="..\RSDKv4\Sprite.cpp" />
    <ClCompile Include="..\RSDKv4\String.cpp" />
    <ClCompile Include="..\RSDKv4\Text.cpp" />
    <ClCompile Include="..\RSDKv4\Userdata.cpp" />
  </ItemGroup>
  <ItemGroup>
    <ClInclude Include="..\RSDKv4\Animation.hpp" />
    <ClInclude Include="..\RSDKv4\Audio.hpp" />
    <ClInclude Include="..\RSDKv4\Collision.hpp" />
    <ClInclude Include="..\RSDKv4\Debug.hpp" />
    <ClInclude Include="..\RSDKv4\Drawing.hpp" />
    <ClInclude Include="..\RSDKv4\Ini.hpp" />
    <ClInclude Include="..\RSDKv4\Input.hpp" />
    <ClInclude Include="..\RSDKv4\Math.hpp" />
    <ClInclude Include="..\RSDKv4\Object.hpp" />
    <ClInclude Include="..\RSDKv4\Palette.hpp" />
    <ClInclude Include="..\RSDKv4\PauseMenu.hpp" />
    <ClInclude Include="..\RSDKv4\Reader.hpp" />
    <ClInclude Include="..\RSDKv4\resource.h" />
    <ClInclude Include="..\RSDKv4\RetroEngine.hpp" />
    <ClInclude Include="..\RSDKv4\RetroGameLoop.hpp" />
    <ClInclude Include="..\RSDKv4\Scene.hpp" />
    <ClInclude Include="..\RSDKv4\Scene3D.hpp" />
    <ClInclude Include="..\RSDKv4\Script.hpp" />
    <ClInclude Include="..\RSDKv4\Sprite.hpp" />
    <ClInclude Include="..\RSDKv4\String.hpp" />
    <ClInclude Include="..\RSDKv4\Text.hpp" />
    <ClInclude Include="..\RSDKv4\Userdata.hpp" />
    <ClInclude Include="..\dependencies\windows-uwp\WinRTIncludes.hpp" />
  </ItemGroup>
  <ItemGroup>
    <AppxManifest Include="Package.appxmanifest" />
  </ItemGroup>
  <ItemGroup>
    <None Include="packages.config" />
    <None Include="PropertySheet.props" />
  </ItemGroup>
  <ItemGroup>
    <Text Include="readme.txt" />
  </ItemGroup>
  <ItemGroup>
    <Filter Include="Assets">
      <UniqueIdentifier>{052f19d9-dcef-4a66-b12b-04d88c5cfaf7}</UniqueIdentifier>
    </Filter>
  </ItemGroup>
  <ItemGroup>
    <Image Include="Assets\SmallTile.scale-100.png">
      <Filter>Assets</Filter>
    </Image>
    <Image Include="Assets\SmallTile.scale-125.png">
      <Filter>Assets</Filter>
    </Image>
    <Image Include="Assets\SmallTile.scale-150.png">
      <Filter>Assets</Filter>
    </Image>
    <Image Include="Assets\SmallTile.scale-200.png">
      <Filter>Assets</Filter>
    </Image>
    <Image Include="Assets\Square150x150Logo.scale-100.png">
      <Filter>Assets</Filter>
    </Image>
    <Image Include="Assets\Square150x150Logo.scale-125.png">
      <Filter>Assets</Filter>
    </Image>
    <Image Include="Assets\Square150x150Logo.scale-150.png">
      <Filter>Assets</Filter>
    </Image>
    <Image Include="Assets\Square150x150Logo.scale-200.png">
      <Filter>Assets</Filter>
    </Image>
    <Image Include="Assets\LargeTile.scale-100.png">
      <Filter>Assets</Filter>
    </Image>
    <Image Include="Assets\LargeTile.scale-125.png">
      <Filter>Assets</Filter>
    </Image>
    <Image Include="Assets\LargeTile.scale-150.png">
      <Filter>Assets</Filter>
    </Image>
    <Image Include="Assets\LargeTile.scale-200.png">
      <Filter>Assets</Filter>
    </Image>
    <Image Include="Assets\Square44x44Logo.scale-100.png">
      <Filter>Assets</Filter>
    </Image>
    <Image Include="Assets\Square44x44Logo.scale-125.png">
      <Filter>Assets</Filter>
    </Image>
    <Image Include="Assets\Square44x44Logo.scale-150.png">
      <Filter>Assets</Filter>
    </Image>
    <Image Include="Assets\Square44x44Logo.scale-200.png">
      <Filter>Assets</Filter>
    </Image>
    <Image Include="Assets\Square44x44Logo.targetsize-16.png">
      <Filter>Assets</Filter>
    </Image>
    <Image Include="Assets\Square44x44Logo.targetsize-24.png">
      <Filter>Assets</Filter>
    </Image>
    <Image Include="Assets\Square44x44Logo.targetsize-32.png">
      <Filter>Assets</Filter>
    </Image>
    <Image Include="Assets\Square44x44Logo.targetsize-48.png">
      <Filter>Assets</Filter>
    </Image>
    <Image Include="Assets\Square44x44Logo.altform-unplated_targetsize-16.png">
      <Filter>Assets</Filter>
    </Image>
    <Image Include="Assets\Square44x44Logo.altform-unplated_targetsize-24.png">
      <Filter>Assets</Filter>
    </Image>
    <Image Include="Assets\Square44x44Logo.altform-unplated_targetsize-32.png">
      <Filter>Assets</Filter>
    </Image>
    <Image Include="Assets\Square44x44Logo.altform-unplated_targetsize-48.png">
      <Filter>Assets</Filter>
    </Image>
    <Image Include="Assets\Square44x44Logo.altform-lightunplated_targetsize-16.png">
      <Filter>Assets</Filter>
    </Image>
    <Image Include="Assets\Square44x44Logo.altform-lightunplated_targetsize-24.png">
      <Filter>Assets</Filter>
    </Image>
    <Image Include="Assets\Square44x44Logo.altform-lightunplated_targetsize-32.png">
      <Filter>Assets</Filter>
    </Image>
    <Image Include="Assets\Square44x44Logo.altform-lightunplated_targetsize-48.png">
      <Filter>Assets</Filter>
    </Image>
    <Image Include="Assets\StoreLogo.scale-100.png">
      <Filter>Assets</Filter>
    </Image>
    <Image Include="Assets\StoreLogo.scale-125.png">
      <Filter>Assets</Filter>
    </Image>
    <Image Include="Assets\StoreLogo.scale-150.png">
      <Filter>Assets</Filter>
    </Image>
    <Image Include="Assets\StoreLogo.scale-200.png">
      <Filter>Assets</Filter>
    </Image>
    <Image Include="Assets\WideTile.scale-100.png">
      <Filter>Assets</Filter>
    </Image>
    <Image Include="Assets\WideTile.scale-125.png">
      <Filter>Assets</Filter>
    </Image>
    <Image Include="Assets\WideTile.scale-150.png">
      <Filter>Assets</Filter>
    </Image>
    <Image Include="Assets\WideTile.scale-200.png">
      <Filter>Assets</Filter>
    </Image>
    <Image Include="Assets\SplashScreen.scale-100.png">
      <Filter>Assets</Filter>
    </Image>
    <Image Include="Assets\SplashScreen.scale-125.png">
      <Filter>Assets</Filter>
    </Image>
    <Image Include="Assets\SplashScreen.scale-150.png">
      <Filter>Assets</Filter>
    </Image>
    <Image Include="Assets\SplashScreen.scale-200.png">
      <Filter>Assets</Filter>
    </Image>
  </ItemGroup>
</Project>